Microsoft Visual Studio Solution File, Format Version 12.00
# Visual Studio Version 16
VisualStudioVersion = 16.0.31410.357
MinimumVisualStudioVersion = 10.0.40219.1
Project("{00D1A9C2-B5F0-4AF3-8072-F6C62B433612}") = "avax_db", "avax_db\avax_db.sqlproj", "{F6B5D95B-52B6-4F7F-85E6-41E8A8C55CDB}"
EndProject
Global
	GlobalSection(SolutionConfigurationPlatforms) = preSolution
		Debug|Any CPU = Debug|Any CPU
		Release|Any CPU = Release|Any CPU
	EndGlobalSection
	GlobalSection(ProjectConfigurationPlatforms) = postSolution
		{F6B5D95B-52B6-4F7F-85E6-41E8A8C55CDB}.Debug|Any CPU.ActiveCfg = Debug|Any CPU
		{F6B5D95B-52B6-4F7F-85E6-41E8A8C55CDB}.Debug|Any CPU.Build.0 = Debug|Any CPU
		{F6B5D95B-52B6-4F7F-85E6-41E8A8C55CDB}.Debug|Any CPU.Deploy.0 = Debug|Any CPU
		{F6B5D95B-52B6-4F7F-85E6-41E8A8C55CDB}.Release|Any CPU.ActiveCfg = Release|Any CPU
		{F6B5D95B-52B6-4F7F-85E6-41E8A8C55CDB}.Release|Any CPU.Build.0 = Release|Any CPU
		{F6B5D95B-52B6-4F7F-85E6-41E8A8C55CDB}.Release|Any CPU.Deploy.0 = Release|Any CPU
	EndGlobalSection
	GlobalSection(SolutionProperties) = preSolution
		HideSolutionNode = FALSE
	EndGlobalSection
	GlobalSection(ExtensibilityGlobals) = postSolution
		SolutionGuid = {5407D9FC-A546-469B-AD2C-DAB61EB9863F}
	EndGlobalSection
EndGlobal
